
Microsoft Visual Studio Solution File, Format Version 12.00
# Visual Studio Version 17
VisualStudioVersion = 17.1.32421.90
MinimumVisualStudioVersion = 10.0.40219.1
Project("{FAE04EC0-301F-11D3-BF4B-00C04F79EFBC}") = "HotelWebApplication", "HotelWebApplication.csproj", "{1F9882C6-7480-4B38-ABDC-19CC64BC6BD3}"
EndProject
Project("{FAE04EC0-301F-11D3-BF4B-00C04F79EFBC}") = "DBAccess", "..\DBAccess\DBAccess.csproj", "{53E36FAB-14C3-4175-BFE3-E894E3386382}"
EndProject
Global
	GlobalSection(SolutionConfigurationPlatforms) = preSolution
		Debug|Any CPU = Debug|Any CPU
		Release|Any CPU = Release|Any CPU
	EndGlobalSection
	GlobalSection(ProjectConfigurationPlatforms) = postSolution
		{1F9882C6-7480-4B38-ABDC-19CC64BC6BD3}.Debug|Any CPU.ActiveCfg = Debug|Any CPU
		{1F9882C6-7480-4B38-ABDC-19CC64BC6BD3}.Debug|Any CPU.Build.0 = Debug|Any CPU
		{1F9882C6-7480-4B38-ABDC-19CC64BC6BD3}.Release|Any CPU.ActiveCfg = Release|Any CPU
		{1F9882C6-7480-4B38-ABDC-19CC64BC6BD3}.Release|Any CPU.Build.0 = Release|Any CPU
		{53E36FAB-14C3-4175-BFE3-E894E3386382}.Debug|Any CPU.ActiveCfg = Debug|Any CPU
		{53E36FAB-14C3-4175-BFE3-E894E3386382}.Debug|Any CPU.Build.0 = Debug|Any CPU
		{53E36FAB-14C3-4175-BFE3-E894E3386382}.Release|Any CPU.ActiveCfg = Release|Any CPU
		{53E36FAB-14C3-4175-BFE3-E894E3386382}.Release|Any CPU.Build.0 = Release|Any CPU
	EndGlobalSection
	GlobalSection(SolutionProperties) = preSolution
		HideSolutionNode = FALSE
	EndGlobalSection
	GlobalSection(ExtensibilityGlobals) = postSolution
		SolutionGuid = {65B8698A-D746-4F38-A235-9B8703AEBF83}
	EndGlobalSection
EndGlobal
