
Microsoft Visual Studio Solution File, Format Version 12.00
# Visual Studio Version 16
VisualStudioVersion = 16.0.30907.101
MinimumVisualStudioVersion = 10.0.40219.1
Project("{FAE04EC0-301F-11D3-BF4B-00C04F79EFBC}") = "1 - Forms", "1 - Forms\1 - Forms.csproj", "{4177321B-479D-487A-8195-05D92D0DAC90}"
EndProject
Project("{FAE04EC0-301F-11D3-BF4B-00C04F79EFBC}") = "2 - WPF", "2 - WPF\2 - WPF.csproj", "{10575490-5E99-4470-A700-F239BF236668}"
EndProject
Global
	GlobalSection(SolutionConfigurationPlatforms) = preSolution
		Debug|Any CPU = Debug|Any CPU
		Release|Any CPU = Release|Any CPU
	EndGlobalSection
	GlobalSection(ProjectConfigurationPlatforms) = postSolution
		{4177321B-479D-487A-8195-05D92D0DAC90}.Debug|Any CPU.ActiveCfg = Debug|Any CPU
		{4177321B-479D-487A-8195-05D92D0DAC90}.Debug|Any CPU.Build.0 = Debug|Any CPU
		{4177321B-479D-487A-8195-05D92D0DAC90}.Release|Any CPU.ActiveCfg = Release|Any CPU
		{4177321B-479D-487A-8195-05D92D0DAC90}.Release|Any CPU.Build.0 = Release|Any CPU
		{10575490-5E99-4470-A700-F239BF236668}.Debug|Any CPU.ActiveCfg = Debug|Any CPU
		{10575490-5E99-4470-A700-F239BF236668}.Debug|Any CPU.Build.0 = Debug|Any CPU
		{10575490-5E99-4470-A700-F239BF236668}.Release|Any CPU.ActiveCfg = Release|Any CPU
		{10575490-5E99-4470-A700-F239BF236668}.Release|Any CPU.Build.0 = Release|Any CPU
	EndGlobalSection
	GlobalSection(SolutionProperties) = preSolution
		HideSolutionNode = FALSE
	EndGlobalSection
	GlobalSection(ExtensibilityGlobals) = postSolution
		SolutionGuid = {907E1E46-607A-4CF8-9CB7-DA6FBEFCDE43}
	EndGlobalSection
EndGlobal
